// !$*UTF8*$!
{
	archiveVersion = 1;
	classes = {
	};
	objectVersion = 56;
	objects = {

/* Begin PBXBuildFile section */
		3B1AF1592B216740005BB362 /* SpringAndKeyframeAnimation.swift in Sources */ = {isa = PBXBuildFile; fileRef = 3B1AF1582B216740005BB362 /* SpringAndKeyframeAnimation.swift */; };
		3BE7A2A72B1FCEBD00FCD4FD /* AutoLayoutAnimation.swift in Sources */ = {isa = PBXBuildFile; fileRef = 3BE7A2A62B1FCEBD00FCD4FD /* AutoLayoutAnimation.swift */; };
		3BE7A2A92B1FEF7000FCD4FD /* BasicsOfCALayuerAndCoreAnimation.swift in Sources */ = {isa = PBXBuildFile; fileRef = 3BE7A2A82B1FEF7000FCD4FD /* BasicsOfCALayuerAndCoreAnimation.swift */; };
		3BEBE90F2B1EE58900848B8B /* CubeTransition.swift in Sources */ = {isa = PBXBuildFile; fileRef = 3BEBE90E2B1EE58900848B8B /* CubeTransition.swift */; };
		3BEBE9112B1EF6B100848B8B /* FadeAndBounceTransitions.swift in Sources */ = {isa = PBXBuildFile; fileRef = 3BEBE9102B1EF6B100848B8B /* FadeAndBounceTransitions.swift */; };
		3BEBE9132B1F020900848B8B /* KeyFrame.swift in Sources */ = {isa = PBXBuildFile; fileRef = 3BEBE9122B1F020900848B8B /* KeyFrame.swift */; };
		F109BD412B1BE2E600034127 /* AppDelegate.swift in Sources */ = {isa = PBXBuildFile; fileRef = F109BD402B1BE2E600034127 /* AppDelegate.swift */; };
		F109BD452B1BE2E600034127 /* ViewController.swift in Sources */ = {isa = PBXBuildFile; fileRef = F109BD442B1BE2E600034127 /* ViewController.swift */; };
		F109BD4A2B1BE2E700034127 /* Assets.xcassets in Resources */ = {isa = PBXBuildFile; fileRef = F109BD492B1BE2E700034127 /* Assets.xcassets */; };
		F109BD4D2B1BE2E700034127 /* LaunchScreen.storyboard in Resources */ = {isa = PBXBuildFile; fileRef = F109BD4B2B1BE2E700034127 /* LaunchScreen.storyboard */; };
		F109BD552B1D853B00034127 /* CrossfadingAnimation.swift in Sources */ = {isa = PBXBuildFile; fileRef = F109BD542B1D853B00034127 /* CrossfadingAnimation.swift */; };
		F16E89A82B23B15400F64AF6 /* AvatarView.swift in Sources */ = {isa = PBXBuildFile; fileRef = F16E89A72B23B15400F64AF6 /* AvatarView.swift */; };
		F16E89AA2B23B95000F64AF6 /* ShapesAndMasksViewController.swift in Sources */ = {isa = PBXBuildFile; fileRef = F16E89A92B23B95000F64AF6 /* ShapesAndMasksViewController.swift */; };
		F16E89AC2B23C74F00F64AF6 /* GradientAnimationViewController.swift in Sources */ = {isa = PBXBuildFile; fileRef = F16E89AB2B23C74F00F64AF6 /* GradientAnimationViewController.swift */; };
		F16E89AF2B23CB4E00F64AF6 /* StrokeAndPathAnimationViewController.swift in Sources */ = {isa = PBXBuildFile; fileRef = F16E89AE2B23CB4E00F64AF6 /* StrokeAndPathAnimationViewController.swift */; };
		F16E89B22B23CF1D00F64AF6 /* RefreshView.swift in Sources */ = {isa = PBXBuildFile; fileRef = F16E89B12B23CF1D00F64AF6 /* RefreshView.swift */; };
/* End PBXBuildFile section */

/* Begin PBXFileReference section */
		3B1AF1582B216740005BB362 /* SpringAndKeyframeAnimation.swift */ = {isa = PBXFileReference; lastKnownFileType = sourcecode.swift; path = SpringAndKeyframeAnimation.swift; sourceTree = "<group>"; };
		3BE7A2A62B1FCEBD00FCD4FD /* AutoLayoutAnimation.swift */ = {isa = PBXFileReference; lastKnownFileType = sourcecode.swift; path = AutoLayoutAnimation.swift; sourceTree = "<group>"; };
		3BE7A2A82B1FEF7000FCD4FD /* BasicsOfCALayuerAndCoreAnimation.swift */ = {isa = PBXFileReference; lastKnownFileType = sourcecode.swift; path = BasicsOfCALayuerAndCoreAnimation.swift; sourceTree = "<group>"; };
		3BEBE90E2B1EE58900848B8B /* CubeTransition.swift */ = {isa = PBXFileReference; lastKnownFileType = sourcecode.swift; path = CubeTransition.swift; sourceTree = "<group>"; };
		3BEBE9102B1EF6B100848B8B /* FadeAndBounceTransitions.swift */ = {isa = PBXFileReference; lastKnownFileType = sourcecode.swift; path = FadeAndBounceTransitions.swift; sourceTree = "<group>"; };
		3BEBE9122B1F020900848B8B /* KeyFrame.swift */ = {isa = PBXFileReference; lastKnownFileType = sourcecode.swift; path = KeyFrame.swift; sourceTree = "<group>"; };
		F109BD3D2B1BE2E600034127 /* ViewAnimation.app */ = {isa = PBXFileReference; explicitFileType = wrapper.application; includeInIndex = 0; path = ViewAnimation.app; sourceTree = BUILT_PRODUCTS_DIR; };
		F109BD402B1BE2E600034127 /* AppDelegate.swift */ = {isa = PBXFileReference; lastKnownFileType = sourcecode.swift; path = AppDelegate.swift; sourceTree = "<group>"; };
		F109BD442B1BE2E600034127 /* ViewController.swift */ = {isa = PBXFileReference; lastKnownFileType = sourcecode.swift; path = ViewController.swift; sourceTree = "<group>"; };
		F109BD492B1BE2E700034127 /* Assets.xcassets */ = {isa = PBXFileReference; lastKnownFileType = folder.assetcatalog; path = Assets.xcassets; sourceTree = "<group>"; };
		F109BD4C2B1BE2E700034127 /* Base */ = {isa = PBXFileReference; lastKnownFileType = file.storyboard; name = Base; path = Base.lproj/LaunchScreen.storyboard; sourceTree = "<group>"; };
		F109BD4E2B1BE2E700034127 /* Info.plist */ = {isa = PBXFileReference; lastKnownFileType = text.plist.xml; path = Info.plist; sourceTree = "<group>"; };
		F109BD542B1D853B00034127 /* CrossfadingAnimation.swift */ = {isa = PBXFileReference; lastKnownFileType = sourcecode.swift; path = CrossfadingAnimation.swift; sourceTree = "<group>"; };
		F16E89A72B23B15400F64AF6 /* AvatarView.swift */ = {isa = PBXFileReference; lastKnownFileType = sourcecode.swift; name = AvatarView.swift; path = ViewAnimation/AvatarView.swift; sourceTree = SOURCE_ROOT; };
		F16E89A92B23B95000F64AF6 /* ShapesAndMasksViewController.swift */ = {isa = PBXFileReference; lastKnownFileType = sourcecode.swift; path = ShapesAndMasksViewController.swift; sourceTree = "<group>"; };
		F16E89AB2B23C74F00F64AF6 /* GradientAnimationViewController.swift */ = {isa = PBXFileReference; lastKnownFileType = sourcecode.swift; path = GradientAnimationViewController.swift; sourceTree = "<group>"; };
		F16E89AE2B23CB4E00F64AF6 /* StrokeAndPathAnimationViewController.swift */ = {isa = PBXFileReference; lastKnownFileType = sourcecode.swift; path = StrokeAndPathAnimationViewController.swift; sourceTree = "<group>"; };
		F16E89B12B23CF1D00F64AF6 /* RefreshView.swift */ = {isa = PBXFileReference; lastKnownFileType = sourcecode.swift; path = RefreshView.swift; sourceTree = "<group>"; };
/* End PBXFileReference section */

/* Begin PBXFrameworksBuildPhase section */
		F109BD3A2B1BE2E600034127 /* Frameworks */ = {
			isa = PBXFrameworksBuildPhase;
			buildActionMask = 2147483647;
			files = (
			);
			runOnlyForDeploymentPostprocessing = 0;
		};
/* End PBXFrameworksBuildPhase section */

/* Begin PBXGroup section */
		3BE7A2AA2B1FEFB600FCD4FD /* UIKitAnimation */ = {
			isa = PBXGroup;
			children = (
				F109BD442B1BE2E600034127 /* ViewController.swift */,
				3BEBE9122B1F020900848B8B /* KeyFrame.swift */,
				3BEBE90E2B1EE58900848B8B /* CubeTransition.swift */,
				3BEBE9102B1EF6B100848B8B /* FadeAndBounceTransitions.swift */,
				F109BD542B1D853B00034127 /* CrossfadingAnimation.swift */,
				3BE7A2A62B1FCEBD00FCD4FD /* AutoLayoutAnimation.swift */,
			);
			path = UIKitAnimation;
			sourceTree = "<group>";
		};
		3BE7A2AB2B1FEFE800FCD4FD /* Files */ = {
			isa = PBXGroup;
			children = (
				F109BD402B1BE2E600034127 /* AppDelegate.swift */,
				F109BD492B1BE2E700034127 /* Assets.xcassets */,
				F109BD4B2B1BE2E700034127 /* LaunchScreen.storyboard */,
				F109BD4E2B1BE2E700034127 /* Info.plist */,
			);
			name = Files;
			sourceTree = "<group>";
		};
		3BE7A2AC2B1FF00400FCD4FD /* CoreAnimation */ = {
			isa = PBXGroup;
			children = (
				3BE7A2A82B1FEF7000FCD4FD /* BasicsOfCALayuerAndCoreAnimation.swift */,
				3B1AF1582B216740005BB362 /* SpringAndKeyframeAnimation.swift */,
				F16E89AD2B23CB1E00F64AF6 /* GradientAnimation */,
				F16E89A62B23B0F900F64AF6 /* ShapesAndMasks */,
				F16E89B02B23CEB900F64AF6 /* StrokeAndPathAnimation */,
			);
			path = CoreAnimation;
			sourceTree = "<group>";
		};
		F109BD342B1BE2E600034127 = {
			isa = PBXGroup;
			children = (
				F109BD3F2B1BE2E600034127 /* ViewAnimation */,
				F109BD3E2B1BE2E600034127 /* Products */,
			);
			sourceTree = "<group>";
		};
		F109BD3E2B1BE2E600034127 /* Products */ = {
			isa = PBXGroup;
			children = (
				F109BD3D2B1BE2E600034127 /* ViewAnimation.app */,
			);
			name = Products;
			sourceTree = "<group>";
		};
		F109BD3F2B1BE2E600034127 /* ViewAnimation */ = {
			isa = PBXGroup;
			children = (
				3BE7A2AA2B1FEFB600FCD4FD /* UIKitAnimation */,
				3BE7A2AC2B1FF00400FCD4FD /* CoreAnimation */,
				3BE7A2AB2B1FEFE800FCD4FD /* Files */,
			);
			path = ViewAnimation;
			sourceTree = "<group>";
		};
		F16E89A62B23B0F900F64AF6 /* ShapesAndMasks */ = {
			isa = PBXGroup;
			children = (
				F16E89A72B23B15400F64AF6 /* AvatarView.swift */,
				F16E89A92B23B95000F64AF6 /* ShapesAndMasksViewController.swift */,
			);
			path = ShapesAndMasks;
			sourceTree = "<group>";
		};
		F16E89AD2B23CB1E00F64AF6 /* GradientAnimation */ = {
			isa = PBXGroup;
			children = (
				F16E89AB2B23C74F00F64AF6 /* GradientAnimationViewController.swift */,
			);
			path = GradientAnimation;
			sourceTree = "<group>";
		};
		F16E89B02B23CEB900F64AF6 /* StrokeAndPathAnimation */ = {
			isa = PBXGroup;
			children = (
				F16E89AE2B23CB4E00F64AF6 /* StrokeAndPathAnimationViewController.swift */,
				F16E89B12B23CF1D00F64AF6 /* RefreshView.swift */,
			);
			path = StrokeAndPathAnimation;
			sourceTree = "<group>";
		};
/* End PBXGroup section */

/* Begin PBXNativeTarget section */
		F109BD3C2B1BE2E600034127 /* ViewAnimation */ = {
			isa = PBXNativeTarget;
			buildConfigurationList = F109BD512B1BE2E700034127 /* Build configuration list for PBXNativeTarget "ViewAnimation" */;
			buildPhases = (
				F109BD392B1BE2E600034127 /* Sources */,
				F109BD3A2B1BE2E600034127 /* Frameworks */,
				F109BD3B2B1BE2E600034127 /* Resources */,
			);
			buildRules = (
			);
			dependencies = (
			);
			name = ViewAnimation;
			productName = ViewAnimation;
			productReference = F109BD3D2B1BE2E600034127 /* ViewAnimation.app */;
			productType = "com.apple.product-type.application";
		};
/* End PBXNativeTarget section */

/* Begin PBXProject section */
		F109BD352B1BE2E600034127 /* Project object */ = {
			isa = PBXProject;
			attributes = {
				BuildIndependentTargetsInParallel = 1;
				LastSwiftUpdateCheck = 1500;
				LastUpgradeCheck = 1500;
				TargetAttributes = {
					F109BD3C2B1BE2E600034127 = {
						CreatedOnToolsVersion = 15.0.1;
					};
				};
			};
			buildConfigurationList = F109BD382B1BE2E600034127 /* Build configuration list for PBXProject "ViewAnimation" */;
			compatibilityVersion = "Xcode 14.0";
			developmentRegion = en;
			hasScannedForEncodings = 0;
			knownRegions = (
				en,
				Base,
			);
			mainGroup = F109BD342B1BE2E600034127;
			productRefGroup = F109BD3E2B1BE2E600034127 /* Products */;
			projectDirPath = "";
			projectRoot = "";
			targets = (
				F109BD3C2B1BE2E600034127 /* ViewAnimation */,
			);
		};
/* End PBXProject section */

/* Begin PBXResourcesBuildPhase section */
		F109BD3B2B1BE2E600034127 /* Resources */ = {
			isa = PBXResourcesBuildPhase;
			buildActionMask = 2147483647;
			files = (
				F109BD4D2B1BE2E700034127 /* LaunchScreen.storyboard in Resources */,
				F109BD4A2B1BE2E700034127 /* Assets.xcassets in Resources */,
			);
			runOnlyForDeploymentPostprocessing = 0;
		};
/* End PBXResourcesBuildPhase section */

/* Begin PBXSourcesBuildPhase section */
		F109BD392B1BE2E600034127 /* Sources */ = {
			isa = PBXSourcesBuildPhase;
			buildActionMask = 2147483647;
			files = (
				F16E89B22B23CF1D00F64AF6 /* RefreshView.swift in Sources */,
				F109BD552B1D853B00034127 /* CrossfadingAnimation.swift in Sources */,
				3B1AF1592B216740005BB362 /* SpringAndKeyframeAnimation.swift in Sources */,
				3BEBE90F2B1EE58900848B8B /* CubeTransition.swift in Sources */,
				F16E89A82B23B15400F64AF6 /* AvatarView.swift in Sources */,
				F109BD452B1BE2E600034127 /* ViewController.swift in Sources */,
				3BE7A2A72B1FCEBD00FCD4FD /* AutoLayoutAnimation.swift in Sources */,
				F109BD412B1BE2E600034127 /* AppDelegate.swift in Sources */,
				3BE7A2A92B1FEF7000FCD4FD /* BasicsOfCALayuerAndCoreAnimation.swift in Sources */,
				F16E89AF2B23CB4E00F64AF6 /* StrokeAndPathAnimationViewController.swift in Sources */,
				F16E89AA2B23B95000F64AF6 /* ShapesAndMasksViewController.swift in Sources */,
				F16E89AC2B23C74F00F64AF6 /* GradientAnimationViewController.swift in Sources */,
				3BEBE9112B1EF6B100848B8B /* FadeAndBounceTransitions.swift in Sources */,
				3BEBE9132B1F020900848B8B /* KeyFrame.swift in Sources */,
			);
			runOnlyForDeploymentPostprocessing = 0;
		};
/* End PBXSourcesBuildPhase section */

/* Begin PBXVariantGroup section */
		F109BD4B2B1BE2E700034127 /* LaunchScreen.storyboard */ = {
			isa = PBXVariantGroup;
			children = (
				F109BD4C2B1BE2E700034127 /* Base */,
			);
			name = LaunchScreen.storyboard;
			sourceTree = "<group>";
		};
/* End PBXVariantGroup section */

/* Begin XCBuildConfiguration section */
		F109BD4F2B1BE2E700034127 /* Debug */ = {
			isa = XCBuildConfiguration;
			buildSettings = {
				ALWAYS_SEARCH_USER_PATHS = NO;
				ASSETCATALOG_COMPILER_GENERATE_SWIFT_ASSET_SYMBOL_EXTENSIONS = YES;
				CLANG_ANALYZER_NONNULL = YES;
				CLANG_ANALYZER_NUMBER_OBJECT_CONVERSION = YES_AGGRESSIVE;
				CLANG_CXX_LANGUAGE_STANDARD = "gnu++20";
				CLANG_ENABLE_MODULES = YES;
				CLANG_ENABLE_OBJC_ARC = YES;
				CLANG_ENABLE_OBJC_WEAK = YES;
				CLANG_WARN_BLOCK_CAPTURE_AUTORELEASING = YES;
				CLANG_WARN_BOOL_CONVERSION = YES;
				CLANG_WARN_COMMA = YES;
				CLANG_WARN_CONSTANT_CONVERSION = YES;
				CLANG_WARN_DEPRECATED_OBJC_IMPLEMENTATIONS = YES;
				CLANG_WARN_DIRECT_OBJC_ISA_USAGE = YES_ERROR;
				CLANG_WARN_DOCUMENTATION_COMMENTS = YES;
				CLANG_WARN_EMPTY_BODY = YES;
				CLANG_WARN_ENUM_CONVERSION = YES;
				CLANG_WARN_INFINITE_RECURSION = YES;
				CLANG_WARN_INT_CONVERSION = YES;
				CLANG_WARN_NON_LITERAL_NULL_CONVERSION = YES;
				CLANG_WARN_OBJC_IMPLICIT_RETAIN_SELF = YES;
				CLANG_WARN_OBJC_LITERAL_CONVERSION = YES;
				CLANG_WARN_OBJC_ROOT_CLASS = YES_ERROR;
				CLANG_WARN_QUOTED_INCLUDE_IN_FRAMEWORK_HEADER = YES;
				CLANG_WARN_RANGE_LOOP_ANALYSIS = YES;
				CLANG_WARN_STRICT_PROTOTYPES = YES;
				CLANG_WARN_SUSPICIOUS_MOVE = YES;
				CLANG_WARN_UNGUARDED_AVAILABILITY = YES_AGGRESSIVE;
				CLANG_WARN_UNREACHABLE_CODE = YES;
				CLANG_WARN__DUPLICATE_METHOD_MATCH = YES;
				COPY_PHASE_STRIP = NO;
				DEBUG_INFORMATION_FORMAT = dwarf;
				ENABLE_STRICT_OBJC_MSGSEND = YES;
				ENABLE_TESTABILITY = YES;
				ENABLE_USER_SCRIPT_SANDBOXING = YES;
				GCC_C_LANGUAGE_STANDARD = gnu17;
				GCC_DYNAMIC_NO_PIC = NO;
				GCC_NO_COMMON_BLOCKS = YES;
				GCC_OPTIMIZATION_LEVEL = 0;
				GCC_PREPROCESSOR_DEFINITIONS = (
					"DEBUG=1",
					"$(inherited)",
				);
				GCC_WARN_64_TO_32_BIT_CONVERSION = YES;
				GCC_WARN_ABOUT_RETURN_TYPE = YES_ERROR;
				GCC_WARN_UNDECLARED_SELECTOR = YES;
				GCC_WARN_UNINITIALIZED_AUTOS = YES_AGGRESSIVE;
				GCC_WARN_UNUSED_FUNCTION = YES;
				GCC_WARN_UNUSED_VARIABLE = YES;
				IPHONEOS_DEPLOYMENT_TARGET = 17.0;
				LOCALIZATION_PREFERS_STRING_CATALOGS = YES;
				MTL_ENABLE_DEBUG_INFO = INCLUDE_SOURCE;
				MTL_FAST_MATH = YES;
				ONLY_ACTIVE_ARCH = YES;
				SDKROOT = iphoneos;
				SWIFT_ACTIVE_COMPILATION_CONDITIONS = "DEBUG $(inherited)";
				SWIFT_OPTIMIZATION_LEVEL = "-Onone";
			};
			name = Debug;
		};
		F109BD502B1BE2E700034127 /* Release */ = {
			isa = XCBuildConfiguration;
			buildSettings = {
				ALWAYS_SEARCH_USER_PATHS = NO;
				ASSETCATALOG_COMPILER_GENERATE_SWIFT_ASSET_SYMBOL_EXTENSIONS = YES;
				CLANG_ANALYZER_NONNULL = YES;
				CLANG_ANALYZER_NUMBER_OBJECT_CONVERSION = YES_AGGRESSIVE;
				CLANG_CXX_LANGUAGE_STANDARD = "gnu++20";
				CLANG_ENABLE_MODULES = YES;
				CLANG_ENABLE_OBJC_ARC = YES;
				CLANG_ENABLE_OBJC_WEAK = YES;
				CLANG_WARN_BLOCK_CAPTURE_AUTORELEASING = YES;
				CLANG_WARN_BOOL_CONVERSION = YES;
				CLANG_WARN_COMMA = YES;
				CLANG_WARN_CONSTANT_CONVERSION = YES;
				CLANG_WARN_DEPRECATED_OBJC_IMPLEMENTATIONS = YES;
				CLANG_WARN_DIRECT_OBJC_ISA_USAGE = YES_ERROR;
				CLANG_WARN_DOCUMENTATION_COMMENTS = YES;
				CLANG_WARN_EMPTY_BODY = YES;
				CLANG_WARN_ENUM_CONVERSION = YES;
				CLANG_WARN_INFINITE_RECURSION = YES;
				CLANG_WARN_INT_CONVERSION = YES;
				CLANG_WARN_NON_LITERAL_NULL_CONVERSION = YES;
				CLANG_WARN_OBJC_IMPLICIT_RETAIN_SELF = YES;
				CLANG_WARN_OBJC_LITERAL_CONVERSION = YES;
				CLANG_WARN_OBJC_ROOT_CLASS = YES_ERROR;
				CLANG_WARN_QUOTED_INCLUDE_IN_FRAMEWORK_HEADER = YES;
				CLANG_WARN_RANGE_LOOP_ANALYSIS = YES;
				CLANG_WARN_STRICT_PROTOTYPES = YES;
				CLANG_WARN_SUSPICIOUS_MOVE = YES;
				CLANG_WARN_UNGUARDED_AVAILABILITY = YES_AGGRESSIVE;
				CLANG_WARN_UNREACHABLE_CODE = YES;
				CLANG_WARN__DUPLICATE_METHOD_MATCH = YES;
				COPY_PHASE_STRIP = NO;
				DEBUG_INFORMATION_FORMAT = "dwarf-with-dsym";
				ENABLE_NS_ASSERTIONS = NO;
				ENABLE_STRICT_OBJC_MSGSEND = YES;
				ENABLE_USER_SCRIPT_SANDBOXING = YES;
				GCC_C_LANGUAGE_STANDARD = gnu17;
				GCC_NO_COMMON_BLOCKS = YES;
				GCC_WARN_64_TO_32_BIT_CONVERSION = YES;
				GCC_WARN_ABOUT_RETURN_TYPE = YES_ERROR;
				GCC_WARN_UNDECLARED_SELECTOR = YES;
				GCC_WARN_UNINITIALIZED_AUTOS = YES_AGGRESSIVE;
				GCC_WARN_UNUSED_FUNCTION = YES;
				GCC_WARN_UNUSED_VARIABLE = YES;
				IPHONEOS_DEPLOYMENT_TARGET = 17.0;
				LOCALIZATION_PREFERS_STRING_CATALOGS = YES;
				MTL_ENABLE_DEBUG_INFO = NO;
				MTL_FAST_MATH = YES;
				SDKROOT = iphoneos;
				SWIFT_COMPILATION_MODE = wholemodule;
				VALIDATE_PRODUCT = YES;
			};
			name = Release;
		};
		F109BD522B1BE2E700034127 /* Debug */ = {
			isa = XCBuildConfiguration;
			buildSettings = {
				ASSETCATALOG_COMPILER_APPICON_NAME = AppIcon;
				ASSETCATALOG_COMPILER_GLOBAL_ACCENT_COLOR_NAME = AccentColor;
				CODE_SIGN_STYLE = Automatic;
				CURRENT_PROJECT_VERSION = 1;
				DEVELOPMENT_TEAM = G3VP62JDQQ;
				GENERATE_INFOPLIST_FILE = YES;
				INFOPLIST_FILE = ViewAnimation/Info.plist;
				INFOPLIST_KEY_UIApplicationSupportsIndirectInputEvents = YES;
				INFOPLIST_KEY_UILaunchStoryboardName = LaunchScreen;
				INFOPLIST_KEY_UISupportedInterfaceOrientations_iPad = "UIInterfaceOrientationPortrait UIInterfaceOrientationPortraitUpsideDown UIInterfaceOrientationLandscapeLeft UIInterfaceOrientationLandscapeRight";
				INFOPLIST_KEY_UISupportedInterfaceOrientations_iPhone = "UIInterfaceOrientationPortrait UIInterfaceOrientationLandscapeLeft UIInterfaceOrientationLandscapeRight";
				LD_RUNPATH_SEARCH_PATHS = (
					"$(inherited)",
					"@executable_path/Frameworks",
				);
				MARKETING_VERSION = 1.0;
				PRODUCT_BUNDLE_IDENTIFIER = mityakim.ViewAnimation;
				PRODUCT_NAME = "$(TARGET_NAME)";
				SWIFT_EMIT_LOC_STRINGS = YES;
				SWIFT_VERSION = 5.0;
				TARGETED_DEVICE_FAMILY = "1,2";
			};
			name = Debug;
		};
		F109BD532B1BE2E700034127 /* Release */ = {
			isa = XCBuildConfiguration;
			buildSettings = {
				ASSETCATALOG_COMPILER_APPICON_NAME = AppIcon;
				ASSETCATALOG_COMPILER_GLOBAL_ACCENT_COLOR_NAME = AccentColor;
				CODE_SIGN_STYLE = Automatic;
				CURRENT_PROJECT_VERSION = 1;
				DEVELOPMENT_TEAM = G3VP62JDQQ;
				GENERATE_INFOPLIST_FILE = YES;
				INFOPLIST_FILE = ViewAnimation/Info.plist;
				INFOPLIST_KEY_UIApplicationSupportsIndirectInputEvents = YES;
				INFOPLIST_KEY_UILaunchStoryboardName = LaunchScreen;
				INFOPLIST_KEY_UISupportedInterfaceOrientations_iPad = "UIInterfaceOrientationPortrait UIInterfaceOrientationPortraitUpsideDown UIInterfaceOrientationLandscapeLeft UIInterfaceOrientationLandscapeRight";
				INFOPLIST_KEY_UISupportedInterfaceOrientations_iPhone = "UIInterfaceOrientationPortrait UIInterfaceOrientationLandscapeLeft UIInterfaceOrientationLandscapeRight";
				LD_RUNPATH_SEARCH_PATHS = (
					"$(inherited)",
					"@executable_path/Frameworks",
				);
				MARKETING_VERSION = 1.0;
				PRODUCT_BUNDLE_IDENTIFIER = mityakim.ViewAnimation;
				PRODUCT_NAME = "$(TARGET_NAME)";
				SWIFT_EMIT_LOC_STRINGS = YES;
				SWIFT_VERSION = 5.0;
				TARGETED_DEVICE_FAMILY = "1,2";
			};
			name = Release;
		};
/* End XCBuildConfiguration section */

/* Begin XCConfigurationList section */
		F109BD382B1BE2E600034127 /* Build configuration list for PBXProject "ViewAnimation" */ = {
			isa = XCConfigurationList;
			buildConfigurations = (
				F109BD4F2B1BE2E700034127 /* Debug */,
				F109BD502B1BE2E700034127 /* Release */,
			);
			defaultConfigurationIsVisible = 0;
			defaultConfigurationName = Release;
		};
		F109BD512B1BE2E700034127 /* Build configuration list for PBXNativeTarget "ViewAnimation" */ = {
			isa = XCConfigurationList;
			buildConfigurations = (
				F109BD522B1BE2E700034127 /* Debug */,
				F109BD532B1BE2E700034127 /* Release */,
			);
			defaultConfigurationIsVisible = 0;
			defaultConfigurationName = Release;
		};
/* End XCConfigurationList section */
	};
	rootObject = F109BD352B1BE2E600034127 /* Project object */;
}
